
Microsoft Visual Studio Solution File, Format Version 12.00
# Visual Studio 2012
Project("{FAE04EC0-301F-11D3-BF4B-00C04F79EFBC}") = "MessageBoxAndroid", "MessageBoxAndroid.csproj", "{2A959CEA-35BC-425C-9E78-D42FAD828A28}"
EndProject
Project("{FAE04EC0-301F-11D3-BF4B-00C04F79EFBC}") = "DSoft.Messaging", "..\..\src\MessageBus\DSoft.Messaging\DSoft.Messaging.csproj", "{59BFF815-1B16-485D-BA2A-22ADF9B4C8F7}"
EndProject
Global
	GlobalSection(SolutionConfigurationPlatforms) = preSolution
		Debug|Any CPU = Debug|Any CPU
		Release|Any CPU = Release|Any CPU
	EndGlobalSection
	GlobalSection(ProjectConfigurationPlatforms) = postSolution
		{2A959CEA-35BC-425C-9E78-D42FAD828A28}.Debug|Any CPU.ActiveCfg = Debug|Any CPU
		{2A959CEA-35BC-425C-9E78-D42FAD828A28}.Debug|Any CPU.Build.0 = Debug|Any CPU
		{2A959CEA-35BC-425C-9E78-D42FAD828A28}.Release|Any CPU.ActiveCfg = Release|Any CPU
		{2A959CEA-35BC-425C-9E78-D42FAD828A28}.Release|Any CPU.Build.0 = Release|Any CPU
		{59BFF815-1B16-485D-BA2A-22ADF9B4C8F7}.Debug|Any CPU.ActiveCfg = Debug|Any CPU
		{59BFF815-1B16-485D-BA2A-22ADF9B4C8F7}.Debug|Any CPU.Build.0 = Debug|Any CPU
		{59BFF815-1B16-485D-BA2A-22ADF9B4C8F7}.Release|Any CPU.ActiveCfg = Release|Any CPU
		{59BFF815-1B16-485D-BA2A-22ADF9B4C8F7}.Release|Any CPU.Build.0 = Release|Any CPU
	EndGlobalSection
	GlobalSection(MonoDevelopProperties) = preSolution
		StartupItem = MessageBoxAndroid.csproj
	EndGlobalSection
EndGlobal
