
Microsoft Visual Studio Solution File, Format Version 12.00
# Visual Studio 15
VisualStudioVersion = 15.0.28307.136
MinimumVisualStudioVersion = 10.0.40219.1
Project("{9A19103F-16F7-4668-BE54-9A1E7A4F7556}") = "DSoft.Messaging", "DSoft.Messaging\DSoft.Messaging.csproj", "{59BFF815-1B16-485D-BA2A-22ADF9B4C8F7}"
EndProject
Global
	GlobalSection(SolutionConfigurationPlatforms) = preSolution
		Ad-Hoc|Any CPU = Ad-Hoc|Any CPU
		Ad-Hoc|iPhone = Ad-Hoc|iPhone
		Ad-Hoc|iPhoneSimulator = Ad-Hoc|iPhoneSimulator
		AppStore|Any CPU = AppStore|Any CPU
		AppStore|iPhone = AppStore|iPhone
		AppStore|iPhoneSimulator = AppStore|iPhoneSimulator
		Debug|Any CPU = Debug|Any CPU
		Debug|iPhone = Debug|iPhone
		Debug|iPhoneSimulator = Debug|iPhoneSimulator
		Release|Any CPU = Release|Any CPU
		Release|iPhone = Release|iPhone
		Release|iPhoneSimulator = Release|iPhoneSimulator
	EndGlobalSection
	GlobalSection(ProjectConfigurationPlatforms) = postSolution
		{59BFF815-1B16-485D-BA2A-22ADF9B4C8F7}.Ad-Hoc|Any CPU.ActiveCfg = Release|Any CPU
		{59BFF815-1B16-485D-BA2A-22ADF9B4C8F7}.Ad-Hoc|Any CPU.Build.0 = Release|Any CPU
		{59BFF815-1B16-485D-BA2A-22ADF9B4C8F7}.Ad-Hoc|iPhone.ActiveCfg = Debug|Any CPU
		{59BFF815-1B16-485D-BA2A-22ADF9B4C8F7}.Ad-Hoc|iPhone.Build.0 = Debug|Any CPU
		{59BFF815-1B16-485D-BA2A-22ADF9B4C8F7}.Ad-Hoc|iPhoneSimulator.ActiveCfg = Release|Any CPU
		{59BFF815-1B16-485D-BA2A-22ADF9B4C8F7}.Ad-Hoc|iPhoneSimulator.Build.0 = Release|Any CPU
		{59BFF815-1B16-485D-BA2A-22ADF9B4C8F7}.AppStore|Any CPU.ActiveCfg = Release|Any CPU
		{59BFF815-1B16-485D-BA2A-22ADF9B4C8F7}.AppStore|Any CPU.Build.0 = Release|Any CPU
		{59BFF815-1B16-485D-BA2A-22ADF9B4C8F7}.AppStore|iPhone.ActiveCfg = Debug|Any CPU
		{59BFF815-1B16-485D-BA2A-22ADF9B4C8F7}.AppStore|iPhone.Build.0 = Debug|Any CPU
		{59BFF815-1B16-485D-BA2A-22ADF9B4C8F7}.AppStore|iPhoneSimulator.ActiveCfg = Release|Any CPU
		{59BFF815-1B16-485D-BA2A-22ADF9B4C8F7}.AppStore|iPhoneSimulator.Build.0 = Release|Any CPU
		{59BFF815-1B16-485D-BA2A-22ADF9B4C8F7}.Debug|Any CPU.ActiveCfg = Debug|Any CPU
		{59BFF815-1B16-485D-BA2A-22ADF9B4C8F7}.Debug|Any CPU.Build.0 = Debug|Any CPU
		{59BFF815-1B16-485D-BA2A-22ADF9B4C8F7}.Debug|iPhone.ActiveCfg = Debug|Any CPU
		{59BFF815-1B16-485D-BA2A-22ADF9B4C8F7}.Debug|iPhone.Build.0 = Debug|Any CPU
		{59BFF815-1B16-485D-BA2A-22ADF9B4C8F7}.Debug|iPhoneSimulator.ActiveCfg = Debug|Any CPU
		{59BFF815-1B16-485D-BA2A-22ADF9B4C8F7}.Debug|iPhoneSimulator.Build.0 = Debug|Any CPU
		{59BFF815-1B16-485D-BA2A-22ADF9B4C8F7}.Release|Any CPU.ActiveCfg = Release|Any CPU
		{59BFF815-1B16-485D-BA2A-22ADF9B4C8F7}.Release|Any CPU.Build.0 = Release|Any CPU
		{59BFF815-1B16-485D-BA2A-22ADF9B4C8F7}.Release|iPhone.ActiveCfg = Release|Any CPU
		{59BFF815-1B16-485D-BA2A-22ADF9B4C8F7}.Release|iPhone.Build.0 = Release|Any CPU
		{59BFF815-1B16-485D-BA2A-22ADF9B4C8F7}.Release|iPhoneSimulator.ActiveCfg = Release|Any CPU
		{59BFF815-1B16-485D-BA2A-22ADF9B4C8F7}.Release|iPhoneSimulator.Build.0 = Release|Any CPU
	EndGlobalSection
	GlobalSection(SolutionProperties) = preSolution
		HideSolutionNode = FALSE
	EndGlobalSection
	GlobalSection(ExtensibilityGlobals) = postSolution
		SolutionGuid = {6CFD17BF-4F82-4FFE-94AD-9DFD67403C69}
	EndGlobalSection
	GlobalSection(MonoDevelopProperties) = preSolution
		StartupItem = DSoft.Messaging\DSoft.Messaging.csproj
		version = 1.3
	EndGlobalSection
EndGlobal
